
Microsoft Visual Studio Solution File, Format Version 12.00
# Visual Studio 15
VisualStudioVersion = 15.0.28307.106
MinimumVisualStudioVersion = 10.0.40219.1
Project("{FAE04EC0-301F-11D3-BF4B-00C04F79EFBC}") = "Xamarin27Kasim.Android", "Xamarin27Kasim\Xamarin27Kasim.Android\Xamarin27Kasim.Android.csproj", "{23FC10CE-442B-4B6D-BCEC-4B21C18E5A33}"
EndProject
Project("{FAE04EC0-301F-11D3-BF4B-00C04F79EFBC}") = "Xamarin27Kasim.iOS", "Xamarin27Kasim\Xamarin27Kasim.iOS\Xamarin27Kasim.iOS.csproj", "{A87AAF6A-4E8B-48AC-AF1A-C55FBB76A9EA}"
EndProject
Project("{9A19103F-16F7-4668-BE54-9A1E7A4F7556}") = "Xamarin27Kasim", "Xamarin27Kasim\Xamarin27Kasim\Xamarin27Kasim.csproj", "{3E0149D0-EC71-40AA-A861-AA195D4FEB21}"
EndProject
Global
	GlobalSection(SolutionConfigurationPlatforms) = preSolution
		Ad-Hoc|Any CPU = Ad-Hoc|Any CPU
		Ad-Hoc|iPhone = Ad-Hoc|iPhone
		Ad-Hoc|iPhoneSimulator = Ad-Hoc|iPhoneSimulator
		AppStore|Any CPU = AppStore|Any CPU
		AppStore|iPhone = AppStore|iPhone
		AppStore|iPhoneSimulator = AppStore|iPhoneSimulator
		Debug|Any CPU = Debug|Any CPU
		Debug|iPhone = Debug|iPhone
		Debug|iPhoneSimulator = Debug|iPhoneSimulator
		Release|Any CPU = Release|Any CPU
		Release|iPhone = Release|iPhone
		Release|iPhoneSimulator = Release|iPhoneSimulator
	EndGlobalSection
	GlobalSection(ProjectConfigurationPlatforms) = postSolution
		{23FC10CE-442B-4B6D-BCEC-4B21C18E5A33}.Ad-Hoc|Any CPU.ActiveCfg = Release|Any CPU
		{23FC10CE-442B-4B6D-BCEC-4B21C18E5A33}.Ad-Hoc|Any CPU.Build.0 = Release|Any CPU
		{23FC10CE-442B-4B6D-BCEC-4B21C18E5A33}.Ad-Hoc|Any CPU.Deploy.0 = Release|Any CPU
		{23FC10CE-442B-4B6D-BCEC-4B21C18E5A33}.Ad-Hoc|iPhone.ActiveCfg = Release|Any CPU
		{23FC10CE-442B-4B6D-BCEC-4B21C18E5A33}.Ad-Hoc|iPhone.Build.0 = Release|Any CPU
		{23FC10CE-442B-4B6D-BCEC-4B21C18E5A33}.Ad-Hoc|iPhone.Deploy.0 = Release|Any CPU
		{23FC10CE-442B-4B6D-BCEC-4B21C18E5A33}.Ad-Hoc|iPhoneSimulator.ActiveCfg = Release|Any CPU
		{23FC10CE-442B-4B6D-BCEC-4B21C18E5A33}.Ad-Hoc|iPhoneSimulator.Build.0 = Release|Any CPU
		{23FC10CE-442B-4B6D-BCEC-4B21C18E5A33}.Ad-Hoc|iPhoneSimulator.Deploy.0 = Release|Any CPU
		{23FC10CE-442B-4B6D-BCEC-4B21C18E5A33}.AppStore|Any CPU.ActiveCfg = Release|Any CPU
		{23FC10CE-442B-4B6D-BCEC-4B21C18E5A33}.AppStore|Any CPU.Build.0 = Release|Any CPU
		{23FC10CE-442B-4B6D-BCEC-4B21C18E5A33}.AppStore|Any CPU.Deploy.0 = Release|Any CPU
		{23FC10CE-442B-4B6D-BCEC-4B21C18E5A33}.AppStore|iPhone.ActiveCfg = Release|Any CPU
		{23FC10CE-442B-4B6D-BCEC-4B21C18E5A33}.AppStore|iPhone.Build.0 = Release|Any CPU
		{23FC10CE-442B-4B6D-BCEC-4B21C18E5A33}.AppStore|iPhone.Deploy.0 = Release|Any CPU
		{23FC10CE-442B-4B6D-BCEC-4B21C18E5A33}.AppStore|iPhoneSimulator.ActiveCfg = Release|Any CPU
		{23FC10CE-442B-4B6D-BCEC-4B21C18E5A33}.AppStore|iPhoneSimulator.Build.0 = Release|Any CPU
		{23FC10CE-442B-4B6D-BCEC-4B21C18E5A33}.AppStore|iPhoneSimulator.Deploy.0 = Release|Any CPU
		{23FC10CE-442B-4B6D-BCEC-4B21C18E5A33}.Debug|Any CPU.ActiveCfg = Debug|Any CPU
		{23FC10CE-442B-4B6D-BCEC-4B21C18E5A33}.Debug|Any CPU.Build.0 = Debug|Any CPU
		{23FC10CE-442B-4B6D-BCEC-4B21C18E5A33}.Debug|Any CPU.Deploy.0 = Debug|Any CPU
		{23FC10CE-442B-4B6D-BCEC-4B21C18E5A33}.Debug|iPhone.ActiveCfg = Debug|Any CPU
		{23FC10CE-442B-4B6D-BCEC-4B21C18E5A33}.Debug|iPhone.Build.0 = Debug|Any CPU
		{23FC10CE-442B-4B6D-BCEC-4B21C18E5A33}.Debug|iPhone.Deploy.0 = Debug|Any CPU
		{23FC10CE-442B-4B6D-BCEC-4B21C18E5A33}.Debug|iPhoneSimulator.ActiveCfg = Debug|Any CPU
		{23FC10CE-442B-4B6D-BCEC-4B21C18E5A33}.Debug|iPhoneSimulator.Build.0 = Debug|Any CPU
		{23FC10CE-442B-4B6D-BCEC-4B21C18E5A33}.Debug|iPhoneSimulator.Deploy.0 = Debug|Any CPU
		{23FC10CE-442B-4B6D-BCEC-4B21C18E5A33}.Release|Any CPU.ActiveCfg = Release|Any CPU
		{23FC10CE-442B-4B6D-BCEC-4B21C18E5A33}.Release|Any CPU.Build.0 = Release|Any CPU
		{23FC10CE-442B-4B6D-BCEC-4B21C18E5A33}.Release|Any CPU.Deploy.0 = Release|Any CPU
		{23FC10CE-442B-4B6D-BCEC-4B21C18E5A33}.Release|iPhone.ActiveCfg = Release|Any CPU
		{23FC10CE-442B-4B6D-BCEC-4B21C18E5A33}.Release|iPhone.Build.0 = Release|Any CPU
		{23FC10CE-442B-4B6D-BCEC-4B21C18E5A33}.Release|iPhone.Deploy.0 = Release|Any CPU
		{23FC10CE-442B-4B6D-BCEC-4B21C18E5A33}.Release|iPhoneSimulator.ActiveCfg = Release|Any CPU
		{23FC10CE-442B-4B6D-BCEC-4B21C18E5A33}.Release|iPhoneSimulator.Build.0 = Release|Any CPU
		{23FC10CE-442B-4B6D-BCEC-4B21C18E5A33}.Release|iPhoneSimulator.Deploy.0 = Release|Any CPU
		{A87AAF6A-4E8B-48AC-AF1A-C55FBB76A9EA}.Ad-Hoc|Any CPU.ActiveCfg = Ad-Hoc|iPhone
		{A87AAF6A-4E8B-48AC-AF1A-C55FBB76A9EA}.Ad-Hoc|Any CPU.Build.0 = Ad-Hoc|iPhone
		{A87AAF6A-4E8B-48AC-AF1A-C55FBB76A9EA}.Ad-Hoc|Any CPU.Deploy.0 = Ad-Hoc|iPhone
		{A87AAF6A-4E8B-48AC-AF1A-C55FBB76A9EA}.Ad-Hoc|iPhone.ActiveCfg = Ad-Hoc|iPhone
		{A87AAF6A-4E8B-48AC-AF1A-C55FBB76A9EA}.Ad-Hoc|iPhone.Build.0 = Ad-Hoc|iPhone
		{A87AAF6A-4E8B-48AC-AF1A-C55FBB76A9EA}.Ad-Hoc|iPhone.Deploy.0 = Ad-Hoc|iPhone
		{A87AAF6A-4E8B-48AC-AF1A-C55FBB76A9EA}.Ad-Hoc|iPhoneSimulator.ActiveCfg = Ad-Hoc|iPhoneSimulator
		{A87AAF6A-4E8B-48AC-AF1A-C55FBB76A9EA}.Ad-Hoc|iPhoneSimulator.Build.0 = Ad-Hoc|iPhoneSimulator
		{A87AAF6A-4E8B-48AC-AF1A-C55FBB76A9EA}.Ad-Hoc|iPhoneSimulator.Deploy.0 = Ad-Hoc|iPhoneSimulator
		{A87AAF6A-4E8B-48AC-AF1A-C55FBB76A9EA}.AppStore|Any CPU.ActiveCfg = AppStore|iPhone
		{A87AAF6A-4E8B-48AC-AF1A-C55FBB76A9EA}.AppStore|Any CPU.Build.0 = AppStore|iPhone
		{A87AAF6A-4E8B-48AC-AF1A-C55FBB76A9EA}.AppStore|Any CPU.Deploy.0 = AppStore|iPhone
		{A87AAF6A-4E8B-48AC-AF1A-C55FBB76A9EA}.AppStore|iPhone.ActiveCfg = AppStore|iPhone
		{A87AAF6A-4E8B-48AC-AF1A-C55FBB76A9EA}.AppStore|iPhone.Build.0 = AppStore|iPhone
		{A87AAF6A-4E8B-48AC-AF1A-C55FBB76A9EA}.AppStore|iPhone.Deploy.0 = AppStore|iPhone
		{A87AAF6A-4E8B-48AC-AF1A-C55FBB76A9EA}.AppStore|iPhoneSimulator.ActiveCfg = AppStore|iPhoneSimulator
		{A87AAF6A-4E8B-48AC-AF1A-C55FBB76A9EA}.AppStore|iPhoneSimulator.Build.0 = AppStore|iPhoneSimulator
		{A87AAF6A-4E8B-48AC-AF1A-C55FBB76A9EA}.AppStore|iPhoneSimulator.Deploy.0 = AppStore|iPhoneSimulator
		{A87AAF6A-4E8B-48AC-AF1A-C55FBB76A9EA}.Debug|Any CPU.ActiveCfg = Debug|iPhoneSimulator
		{A87AAF6A-4E8B-48AC-AF1A-C55FBB76A9EA}.Debug|Any CPU.Build.0 = Debug|iPhoneSimulator
		{A87AAF6A-4E8B-48AC-AF1A-C55FBB76A9EA}.Debug|Any CPU.Deploy.0 = Debug|iPhoneSimulator
		{A87AAF6A-4E8B-48AC-AF1A-C55FBB76A9EA}.Debug|iPhone.ActiveCfg = Debug|iPhone
		{A87AAF6A-4E8B-48AC-AF1A-C55FBB76A9EA}.Debug|iPhone.Build.0 = Debug|iPhone
		{A87AAF6A-4E8B-48AC-AF1A-C55FBB76A9EA}.Debug|iPhone.Deploy.0 = Debug|iPhone
		{A87AAF6A-4E8B-48AC-AF1A-C55FBB76A9EA}.Debug|iPhoneSimulator.ActiveCfg = Debug|iPhoneSimulator
		{A87AAF6A-4E8B-48AC-AF1A-C55FBB76A9EA}.Debug|iPhoneSimulator.Build.0 = Debug|iPhoneSimulator
		{A87AAF6A-4E8B-48AC-AF1A-C55FBB76A9EA}.Debug|iPhoneSimulator.Deploy.0 = Debug|iPhoneSimulator
		{A87AAF6A-4E8B-48AC-AF1A-C55FBB76A9EA}.Release|Any CPU.ActiveCfg = Release|iPhone
		{A87AAF6A-4E8B-48AC-AF1A-C55FBB76A9EA}.Release|Any CPU.Build.0 = Release|iPhone
		{A87AAF6A-4E8B-48AC-AF1A-C55FBB76A9EA}.Release|Any CPU.Deploy.0 = Release|iPhone
		{A87AAF6A-4E8B-48AC-AF1A-C55FBB76A9EA}.Release|iPhone.ActiveCfg = Release|iPhone
		{A87AAF6A-4E8B-48AC-AF1A-C55FBB76A9EA}.Release|iPhone.Build.0 = Release|iPhone
		{A87AAF6A-4E8B-48AC-AF1A-C55FBB76A9EA}.Release|iPhone.Deploy.0 = Release|iPhone
		{A87AAF6A-4E8B-48AC-AF1A-C55FBB76A9EA}.Release|iPhoneSimulator.ActiveCfg = Release|iPhoneSimulator
		{A87AAF6A-4E8B-48AC-AF1A-C55FBB76A9EA}.Release|iPhoneSimulator.Build.0 = Release|iPhoneSimulator
		{A87AAF6A-4E8B-48AC-AF1A-C55FBB76A9EA}.Release|iPhoneSimulator.Deploy.0 = Release|iPhoneSimulator
		{3E0149D0-EC71-40AA-A861-AA195D4FEB21}.Ad-Hoc|Any CPU.ActiveCfg = Debug|Any CPU
		{3E0149D0-EC71-40AA-A861-AA195D4FEB21}.Ad-Hoc|Any CPU.Build.0 = Debug|Any CPU
		{3E0149D0-EC71-40AA-A861-AA195D4FEB21}.Ad-Hoc|Any CPU.Deploy.0 = Debug|Any CPU
		{3E0149D0-EC71-40AA-A861-AA195D4FEB21}.Ad-Hoc|iPhone.ActiveCfg = Debug|Any CPU
		{3E0149D0-EC71-40AA-A861-AA195D4FEB21}.Ad-Hoc|iPhone.Build.0 = Debug|Any CPU
		{3E0149D0-EC71-40AA-A861-AA195D4FEB21}.Ad-Hoc|iPhone.Deploy.0 = Debug|Any CPU
		{3E0149D0-EC71-40AA-A861-AA195D4FEB21}.Ad-Hoc|iPhoneSimulator.ActiveCfg = Debug|Any CPU
		{3E0149D0-EC71-40AA-A861-AA195D4FEB21}.Ad-Hoc|iPhoneSimulator.Build.0 = Debug|Any CPU
		{3E0149D0-EC71-40AA-A861-AA195D4FEB21}.Ad-Hoc|iPhoneSimulator.Deploy.0 = Debug|Any CPU
		{3E0149D0-EC71-40AA-A861-AA195D4FEB21}.AppStore|Any CPU.ActiveCfg = Debug|Any CPU
		{3E0149D0-EC71-40AA-A861-AA195D4FEB21}.AppStore|Any CPU.Build.0 = Debug|Any CPU
		{3E0149D0-EC71-40AA-A861-AA195D4FEB21}.AppStore|Any CPU.Deploy.0 = Debug|Any CPU
		{3E0149D0-EC71-40AA-A861-AA195D4FEB21}.AppStore|iPhone.ActiveCfg = Debug|Any CPU
		{3E0149D0-EC71-40AA-A861-AA195D4FEB21}.AppStore|iPhone.Build.0 = Debug|Any CPU
		{3E0149D0-EC71-40AA-A861-AA195D4FEB21}.AppStore|iPhone.Deploy.0 = Debug|Any CPU
		{3E0149D0-EC71-40AA-A861-AA195D4FEB21}.AppStore|iPhoneSimulator.ActiveCfg = Debug|Any CPU
		{3E0149D0-EC71-40AA-A861-AA195D4FEB21}.AppStore|iPhoneSimulator.Build.0 = Debug|Any CPU
		{3E0149D0-EC71-40AA-A861-AA195D4FEB21}.AppStore|iPhoneSimulator.Deploy.0 = Debug|Any CPU
		{3E0149D0-EC71-40AA-A861-AA195D4FEB21}.Debug|Any CPU.ActiveCfg = Debug|Any CPU
		{3E0149D0-EC71-40AA-A861-AA195D4FEB21}.Debug|Any CPU.Build.0 = Debug|Any CPU
		{3E0149D0-EC71-40AA-A861-AA195D4FEB21}.Debug|Any CPU.Deploy.0 = Debug|Any CPU
		{3E0149D0-EC71-40AA-A861-AA195D4FEB21}.Debug|iPhone.ActiveCfg = Debug|Any CPU
		{3E0149D0-EC71-40AA-A861-AA195D4FEB21}.Debug|iPhone.Build.0 = Debug|Any CPU
		{3E0149D0-EC71-40AA-A861-AA195D4FEB21}.Debug|iPhone.Deploy.0 = Debug|Any CPU
		{3E0149D0-EC71-40AA-A861-AA195D4FEB21}.Debug|iPhoneSimulator.ActiveCfg = Debug|Any CPU
		{3E0149D0-EC71-40AA-A861-AA195D4FEB21}.Debug|iPhoneSimulator.Build.0 = Debug|Any CPU
		{3E0149D0-EC71-40AA-A861-AA195D4FEB21}.Debug|iPhoneSimulator.Deploy.0 = Debug|Any CPU
		{3E0149D0-EC71-40AA-A861-AA195D4FEB21}.Release|Any CPU.ActiveCfg = Release|Any CPU
		{3E0149D0-EC71-40AA-A861-AA195D4FEB21}.Release|Any CPU.Build.0 = Release|Any CPU
		{3E0149D0-EC71-40AA-A861-AA195D4FEB21}.Release|Any CPU.Deploy.0 = Release|Any CPU
		{3E0149D0-EC71-40AA-A861-AA195D4FEB21}.Release|iPhone.ActiveCfg = Release|Any CPU
		{3E0149D0-EC71-40AA-A861-AA195D4FEB21}.Release|iPhone.Build.0 = Release|Any CPU
		{3E0149D0-EC71-40AA-A861-AA195D4FEB21}.Release|iPhone.Deploy.0 = Release|Any CPU
		{3E0149D0-EC71-40AA-A861-AA195D4FEB21}.Release|iPhoneSimulator.ActiveCfg = Release|Any CPU
		{3E0149D0-EC71-40AA-A861-AA195D4FEB21}.Release|iPhoneSimulator.Build.0 = Release|Any CPU
		{3E0149D0-EC71-40AA-A861-AA195D4FEB21}.Release|iPhoneSimulator.Deploy.0 = Release|Any CPU
	EndGlobalSection
	GlobalSection(SolutionProperties) = preSolution
		HideSolutionNode = FALSE
	EndGlobalSection
	GlobalSection(ExtensibilityGlobals) = postSolution
		SolutionGuid = {93583F8D-1714-4C3B-82E2-A8B5EB7F9E2B}
	EndGlobalSection
EndGlobal
